
Microsoft Visual Studio Solution File, Format Version 12.00
# Visual Studio Version 17
VisualStudioVersion = 17.10.34928.147
MinimumVisualStudioVersion = 10.0.40219.1
Project("{9A19103F-16F7-4668-BE54-9A1E7A4F7556}") = "AdoDotNet.ConsoleApp", "AdoDotNet.ConsoleApp\AdoDotNet.ConsoleApp.csproj", "{221153D1-5A8D-4842-9D04-67B6E36380E0}"
EndProject
Project("{9A19103F-16F7-4668-BE54-9A1E7A4F7556}") = "WebApi", "WebApi\WebApi.csproj", "{73573E7C-3E0B-438A-996E-33B99BA3EF35}"
EndProject
Project("{9A19103F-16F7-4668-BE54-9A1E7A4F7556}") = "DotNetTraningBirdApi", "DotNetTraningBirdApi\DotNetTraningBirdApi.csproj", "{DD62B623-C311-496D-9BDF-B1988ECD835C}"
EndProject
Project("{9A19103F-16F7-4668-BE54-9A1E7A4F7556}") = "DotNetTraningPickAPileApi", "DotNetTraningPickAPileApi\DotNetTraningPickAPileApi.csproj", "{85DCE21B-7757-4D3C-B134-5DFED2B5E8D4}"
EndProject
Project("{2150E333-8FDC-42A3-9474-1A3956D46DE8}") = "Solution Items", "Solution Items", "{17BF4703-3B3C-477B-AA8B-C279BC7D769C}"
	ProjectSection(SolutionItems) = preProject
		README.md = README.md
	EndProjectSection
EndProject
Project("{9A19103F-16F7-4668-BE54-9A1E7A4F7556}") = "DotNetTraningSnakesApi", "DotNetTraningSnakesApi\DotNetTraningSnakesApi.csproj", "{EA8A88DA-823C-41B1-ABF8-CB9BF79B2497}"
EndProject
Project("{9A19103F-16F7-4668-BE54-9A1E7A4F7556}") = "AdoDotNet.ConsoleApp.MVC", "AdoDotNet.ConsoleApp.MVC\AdoDotNet.ConsoleApp.MVC.csproj", "{F45F34B2-4A9D-43A2-9ED1-A06CFB52BDDC}"
EndProject
Project("{9A19103F-16F7-4668-BE54-9A1E7A4F7556}") = "AdoDotNet.ConsoleApp.WebApi", "AdoDotNet.ConsoleApp.WebApi\AdoDotNet.ConsoleApp.WebApi.csproj", "{50FBB00C-51F7-4F40-8C60-E56469AE9AEC}"
EndProject
Project("{FAE04EC0-301F-11D3-BF4B-00C04F79EFBC}") = "AdoDotNet.ConsoleApp.API", "AdoDotNet.ConsoleApp.API\AdoDotNet.ConsoleApp.API.csproj", "{DD608017-5733-417F-8AD9-8D90568B1020}"
EndProject
Global
	GlobalSection(SolutionConfigurationPlatforms) = preSolution
		Debug|Any CPU = Debug|Any CPU
		Release|Any CPU = Release|Any CPU
	EndGlobalSection
	GlobalSection(ProjectConfigurationPlatforms) = postSolution
		{221153D1-5A8D-4842-9D04-67B6E36380E0}.Debug|Any CPU.ActiveCfg = Debug|Any CPU
		{221153D1-5A8D-4842-9D04-67B6E36380E0}.Debug|Any CPU.Build.0 = Debug|Any CPU
		{221153D1-5A8D-4842-9D04-67B6E36380E0}.Release|Any CPU.ActiveCfg = Release|Any CPU
		{221153D1-5A8D-4842-9D04-67B6E36380E0}.Release|Any CPU.Build.0 = Release|Any CPU
		{73573E7C-3E0B-438A-996E-33B99BA3EF35}.Debug|Any CPU.ActiveCfg = Debug|Any CPU
		{73573E7C-3E0B-438A-996E-33B99BA3EF35}.Debug|Any CPU.Build.0 = Debug|Any CPU
		{73573E7C-3E0B-438A-996E-33B99BA3EF35}.Release|Any CPU.ActiveCfg = Release|Any CPU
		{73573E7C-3E0B-438A-996E-33B99BA3EF35}.Release|Any CPU.Build.0 = Release|Any CPU
		{DD62B623-C311-496D-9BDF-B1988ECD835C}.Debug|Any CPU.ActiveCfg = Debug|Any CPU
		{DD62B623-C311-496D-9BDF-B1988ECD835C}.Debug|Any CPU.Build.0 = Debug|Any CPU
		{DD62B623-C311-496D-9BDF-B1988ECD835C}.Release|Any CPU.ActiveCfg = Release|Any CPU
		{DD62B623-C311-496D-9BDF-B1988ECD835C}.Release|Any CPU.Build.0 = Release|Any CPU
		{85DCE21B-7757-4D3C-B134-5DFED2B5E8D4}.Debug|Any CPU.ActiveCfg = Debug|Any CPU
		{85DCE21B-7757-4D3C-B134-5DFED2B5E8D4}.Debug|Any CPU.Build.0 = Debug|Any CPU
		{85DCE21B-7757-4D3C-B134-5DFED2B5E8D4}.Release|Any CPU.ActiveCfg = Release|Any CPU
		{85DCE21B-7757-4D3C-B134-5DFED2B5E8D4}.Release|Any CPU.Build.0 = Release|Any CPU
		{EA8A88DA-823C-41B1-ABF8-CB9BF79B2497}.Debug|Any CPU.ActiveCfg = Debug|Any CPU
		{EA8A88DA-823C-41B1-ABF8-CB9BF79B2497}.Debug|Any CPU.Build.0 = Debug|Any CPU
		{EA8A88DA-823C-41B1-ABF8-CB9BF79B2497}.Release|Any CPU.ActiveCfg = Release|Any CPU
		{EA8A88DA-823C-41B1-ABF8-CB9BF79B2497}.Release|Any CPU.Build.0 = Release|Any CPU
		{F45F34B2-4A9D-43A2-9ED1-A06CFB52BDDC}.Debug|Any CPU.ActiveCfg = Debug|Any CPU
		{F45F34B2-4A9D-43A2-9ED1-A06CFB52BDDC}.Debug|Any CPU.Build.0 = Debug|Any CPU
		{F45F34B2-4A9D-43A2-9ED1-A06CFB52BDDC}.Release|Any CPU.ActiveCfg = Release|Any CPU
		{F45F34B2-4A9D-43A2-9ED1-A06CFB52BDDC}.Release|Any CPU.Build.0 = Release|Any CPU
		{50FBB00C-51F7-4F40-8C60-E56469AE9AEC}.Debug|Any CPU.ActiveCfg = Debug|Any CPU
		{50FBB00C-51F7-4F40-8C60-E56469AE9AEC}.Debug|Any CPU.Build.0 = Debug|Any CPU
		{50FBB00C-51F7-4F40-8C60-E56469AE9AEC}.Release|Any CPU.ActiveCfg = Release|Any CPU
		{50FBB00C-51F7-4F40-8C60-E56469AE9AEC}.Release|Any CPU.Build.0 = Release|Any CPU
		{DD608017-5733-417F-8AD9-8D90568B1020}.Debug|Any CPU.ActiveCfg = Debug|Any CPU
		{DD608017-5733-417F-8AD9-8D90568B1020}.Debug|Any CPU.Build.0 = Debug|Any CPU
		{DD608017-5733-417F-8AD9-8D90568B1020}.Release|Any CPU.ActiveCfg = Release|Any CPU
		{DD608017-5733-417F-8AD9-8D90568B1020}.Release|Any CPU.Build.0 = Release|Any CPU
	EndGlobalSection
	GlobalSection(SolutionProperties) = preSolution
		HideSolutionNode = FALSE
	EndGlobalSection
	GlobalSection(ExtensibilityGlobals) = postSolution
		SolutionGuid = {436EA243-2166-4E24-B221-CA46AB99687C}
	EndGlobalSection
EndGlobal
